
Microsoft Visual Studio Solution File, Format Version 12.00
# Visual Studio Version 17
VisualStudioVersion = 17.0.32112.339
MinimumVisualStudioVersion = 10.0.40219.1
Project("{FAE04EC0-301F-11D3-BF4B-00C04F79EFBC}") = "HelpingHand.WebApplication", "HelpingHand.WebApplication\HelpingHand.WebApplication.csproj", "{D3620F3B-8F21-4030-BA1B-D5415AB33AB2}"
EndProject
Global
	GlobalSection(SolutionConfigurationPlatforms) = preSolution
		Debug|Any CPU = Debug|Any CPU
		Release|Any CPU = Release|Any CPU
	EndGlobalSection
	GlobalSection(ProjectConfigurationPlatforms) = postSolution
		{D3620F3B-8F21-4030-BA1B-D5415AB33AB2}.Debug|Any CPU.ActiveCfg = Debug|Any CPU
		{D3620F3B-8F21-4030-BA1B-D5415AB33AB2}.Debug|Any CPU.Build.0 = Debug|Any CPU
		{D3620F3B-8F21-4030-BA1B-D5415AB33AB2}.Release|Any CPU.ActiveCfg = Release|Any CPU
		{D3620F3B-8F21-4030-BA1B-D5415AB33AB2}.Release|Any CPU.Build.0 = Release|Any CPU
	EndGlobalSection
	GlobalSection(SolutionProperties) = preSolution
		HideSolutionNode = FALSE
	EndGlobalSection
	GlobalSection(ExtensibilityGlobals) = postSolution
		SolutionGuid = {A730D2D0-A563-44F7-B64A-155310B93F9B}
	EndGlobalSection
EndGlobal
